
Microsoft Visual Studio Solution File, Format Version 12.00
# Visual Studio Version 17
VisualStudioVersion = 17.8.34408.163
MinimumVisualStudioVersion = 10.0.40219.1
Project("{9A19103F-16F7-4668-BE54-9A1E7A4F7556}") = "IntexII_Project_4_2", "IntexII_Project_4_2\IntexII_Project_4_2.csproj", "{E9576724-46BA-46BB-B631-5D742B6C71E5}"
EndProject
Global
	GlobalSection(SolutionConfigurationPlatforms) = preSolution
		Debug|Any CPU = Debug|Any CPU
		Release|Any CPU = Release|Any CPU
	EndGlobalSection
	GlobalSection(ProjectConfigurationPlatforms) = postSolution
		{E9576724-46BA-46BB-B631-5D742B6C71E5}.Debug|Any CPU.ActiveCfg = Debug|Any CPU
		{E9576724-46BA-46BB-B631-5D742B6C71E5}.Debug|Any CPU.Build.0 = Debug|Any CPU
		{E9576724-46BA-46BB-B631-5D742B6C71E5}.Release|Any CPU.ActiveCfg = Release|Any CPU
		{E9576724-46BA-46BB-B631-5D742B6C71E5}.Release|Any CPU.Build.0 = Release|Any CPU
	EndGlobalSection
	GlobalSection(SolutionProperties) = preSolution
		HideSolutionNode = FALSE
	EndGlobalSection
	GlobalSection(ExtensibilityGlobals) = postSolution
		SolutionGuid = {488FFA81-EF35-44B1-9E26-142CEAB97F49}
	EndGlobalSection
EndGlobal
